// !$*UTF8*$!
{
	archiveVersion = 1;
	classes = {
	};
	objectVersion = 48;
	objects = {

/* Begin PBXBuildFile section */
		C513ED171F908675009ECE2C /* AppDelegate.swift in Sources */ = {isa = PBXBuildFile; fileRef = C513ED161F908675009ECE2C /* AppDelegate.swift */; };
		C513ED191F908675009ECE2C /* ViewController.swift in Sources */ = {isa = PBXBuildFile; fileRef = C513ED181F908675009ECE2C /* ViewController.swift */; };
		C513ED1C1F908675009ECE2C /* Main.storyboard in Resources */ = {isa = PBXBuildFile; fileRef = C513ED1A1F908675009ECE2C /* Main.storyboard */; };
		C513ED1E1F908675009ECE2C /* Assets.xcassets in Resources */ = {isa = PBXBuildFile; fileRef = C513ED1D1F908675009ECE2C /* Assets.xcassets */; };
		C513ED211F908675009ECE2C /* LaunchScreen.storyboard in Resources */ = {isa = PBXBuildFile; fileRef = C513ED1F1F908675009ECE2C /* LaunchScreen.storyboard */; };
		C513ED2C1F908675009ECE2C /* AudibleTests.swift in Sources */ = {isa = PBXBuildFile; fileRef = C513ED2B1F908675009ECE2C /* AudibleTests.swift */; };
		C513ED371F908675009ECE2C /* AudibleUITests.swift in Sources */ = {isa = PBXBuildFile; fileRef = C513ED361F908675009ECE2C /* AudibleUITests.swift */; };
/* End PBXBuildFile section */

/* Begin PBXContainerItemProxy section */
		C513ED281F908675009ECE2C /* PBXContainerItemProxy */ = {
			isa = PBXContainerItemProxy;
			containerPortal = C513ED0B1F908675009ECE2C /* Project object */;
			proxyType = 1;
			remoteGlobalIDString = C513ED121F908675009ECE2C;
			remoteInfo = Audible;
		};
		C513ED331F908675009ECE2C /* PBXContainerItemProxy */ = {
			isa = PBXContainerItemProxy;
			containerPortal = C513ED0B1F908675009ECE2C /* Project object */;
			proxyType = 1;
			remoteGlobalIDString = C513ED121F908675009ECE2C;
			remoteInfo = Audible;
		};
/* End PBXContainerItemProxy section */

/* Begin PBXFileReference section */
		C513ED131F908675009ECE2C /* Audible.app */ = {isa = PBXFileReference; explicitFileType = wrapper.application; includeInIndex = 0; path = Audible.app; sourceTree = BUILT_PRODUCTS_DIR; };
		C513ED161F908675009ECE2C /* AppDelegate.swift */ = {isa = PBXFileReference; lastKnownFileType = sourcecode.swift; path = AppDelegate.swift; sourceTree = "<group>"; };
		C513ED181F908675009ECE2C /* ViewController.swift */ = {isa = PBXFileReference; lastKnownFileType = sourcecode.swift; path = ViewController.swift; sourceTree = "<group>"; };
		C513ED1B1F908675009ECE2C /* Base */ = {isa = PBXFileReference; lastKnownFileType = file.storyboard; name = Base; path = Base.lproj/Main.storyboard; sourceTree = "<group>"; };
		C513ED1D1F908675009ECE2C /* Assets.xcassets */ = {isa = PBXFileReference; lastKnownFileType = folder.assetcatalog; path = Assets.xcassets; sourceTree = "<group>"; };
		C513ED201F908675009ECE2C /* Base */ = {isa = PBXFileReference; lastKnownFileType = file.storyboard; name = Base; path = Base.lproj/LaunchScreen.storyboard; sourceTree = "<group>"; };
		C513ED221F908675009ECE2C /* Info.plist */ = {isa = PBXFileReference; lastKnownFileType = text.plist.xml; path = Info.plist; sourceTree = "<group>"; };
		C513ED271F908675009ECE2C /* AudibleTests.xctest */ = {isa = PBXFileReference; explicitFileType = wrapper.cfbundle; includeInIndex = 0; path = AudibleTests.xctest; sourceTree = BUILT_PRODUCTS_DIR; };
		C513ED2B1F908675009ECE2C /* AudibleTests.swift */ = {isa = PBXFileReference; lastKnownFileType = sourcecode.swift; path = AudibleTests.swift; sourceTree = "<group>"; };
		C513ED2D1F908675009ECE2C /* Info.plist */ = {isa = PBXFileReference; lastKnownFileType = text.plist.xml; path = Info.plist; sourceTree = "<group>"; };
		C513ED321F908675009ECE2C /* AudibleUITests.xctest */ = {isa = PBXFileReference; explicitFileType = wrapper.cfbundle; includeInIndex = 0; path = AudibleUITests.xctest; sourceTree = BUILT_PRODUCTS_DIR; };
		C513ED361F908675009ECE2C /* AudibleUITests.swift */ = {isa = PBXFileReference; lastKnownFileType = sourcecode.swift; path = AudibleUITests.swift; sourceTree = "<group>"; };
		C513ED381F908675009ECE2C /* Info.plist */ = {isa = PBXFileReference; lastKnownFileType = text.plist.xml; path = Info.plist; sourceTree = "<group>"; };
/* End PBXFileReference section */

/* Begin PBXFrameworksBuildPhase section */
		C513ED101F908675009ECE2C /* Frameworks */ = {
			isa = PBXFrameworksBuildPhase;
			buildActionMask = 2147483647;
			files = (
			);
			runOnlyForDeploymentPostprocessing = 0;
		};
		C513ED241F908675009ECE2C /* Frameworks */ = {
			isa = PBXFrameworksBuildPhase;
			buildActionMask = 2147483647;
			files = (
			);
			runOnlyForDeploymentPostprocessing = 0;
		};
		C513ED2F1F908675009ECE2C /* Frameworks */ = {
			isa = PBXFrameworksBuildPhase;
			buildActionMask = 2147483647;
			files = (
			);
			runOnlyForDeploymentPostprocessing = 0;
		};
/* End PBXFrameworksBuildPhase section */

/* Begin PBXGroup section */
		C513ED0A1F908675009ECE2C = {
			isa = PBXGroup;
			children = (
				C513ED151F908675009ECE2C /* Audible */,
				C513ED2A1F908675009ECE2C /* AudibleTests */,
				C513ED351F908675009ECE2C /* AudibleUITests */,
				C513ED141F908675009ECE2C /* Products */,
			);
			sourceTree = "<group>";
		};
		C513ED141F908675009ECE2C /* Products */ = {
			isa = PBXGroup;
			children = (
				C513ED131F908675009ECE2C /* Audible.app */,
				C513ED271F908675009ECE2C /* AudibleTests.xctest */,
				C513ED321F908675009ECE2C /* AudibleUITests.xctest */,
			);
			name = Products;
			sourceTree = "<group>";
		};
		C513ED151F908675009ECE2C /* Audible */ = {
			isa = PBXGroup;
			children = (
				C513ED161F908675009ECE2C /* AppDelegate.swift */,
				C513ED181F908675009ECE2C /* ViewController.swift */,
				C513ED1A1F908675009ECE2C /* Main.storyboard */,
				C513ED1D1F908675009ECE2C /* Assets.xcassets */,
				C513ED1F1F908675009ECE2C /* LaunchScreen.storyboard */,
				C513ED221F908675009ECE2C /* Info.plist */,
			);
			path = Audible;
			sourceTree = "<group>";
		};
		C513ED2A1F908675009ECE2C /* AudibleTests */ = {
			isa = PBXGroup;
			children = (
				C513ED2B1F908675009ECE2C /* AudibleTests.swift */,
				C513ED2D1F908675009ECE2C /* Info.plist */,
			);
			path = AudibleTests;
			sourceTree = "<group>";
		};
		C513ED351F908675009ECE2C /* AudibleUITests */ = {
			isa = PBXGroup;
			children = (
				C513ED361F908675009ECE2C /* AudibleUITests.swift */,
				C513ED381F908675009ECE2C /* Info.plist */,
			);
			path = AudibleUITests;
			sourceTree = "<group>";
		};
/* End PBXGroup section */

/* Begin PBXNativeTarget section */
		C513ED121F908675009ECE2C /* Audible */ = {
			isa = PBXNativeTarget;
			buildConfigurationList = C513ED3B1F908675009ECE2C /* Build configuration list for PBXNativeTarget "Audible" */;
			buildPhases = (
				C513ED0F1F908675009ECE2C /* Sources */,
				C513ED101F908675009ECE2C /* Frameworks */,
				C513ED111F908675009ECE2C /* Resources */,
			);
			buildRules = (
			);
			dependencies = (
			);
			name = Audible;
			productName = Audible;
			productReference = C513ED131F908675009ECE2C /* Audible.app */;
			productType = "com.apple.product-type.application";
		};
		C513ED261F908675009ECE2C /* AudibleTests */ = {
			isa = PBXNativeTarget;
			buildConfigurationList = C513ED3E1F908675009ECE2C /* Build configuration list for PBXNativeTarget "AudibleTests" */;
			buildPhases = (
				C513ED231F908675009ECE2C /* Sources */,
				C513ED241F908675009ECE2C /* Frameworks */,
				C513ED251F908675009ECE2C /* Resources */,
			);
			buildRules = (
			);
			dependencies = (
				C513ED291F908675009ECE2C /* PBXTargetDependency */,
			);
			name = AudibleTests;
			productName = AudibleTests;
			productReference = C513ED271F908675009ECE2C /* AudibleTests.xctest */;
			productType = "com.apple.product-type.bundle.unit-test";
		};
		C513ED311F908675009ECE2C /* AudibleUITests */ = {
			isa = PBXNativeTarget;
			buildConfigurationList = C513ED411F908675009ECE2C /* Build configuration list for PBXNativeTarget "AudibleUITests" */;
			buildPhases = (
				C513ED2E1F908675009ECE2C /* Sources */,
				C513ED2F1F908675009ECE2C /* Frameworks */,
				C513ED301F908675009ECE2C /* Resources */,
			);
			buildRules = (
			);
			dependencies = (
				C513ED341F908675009ECE2C /* PBXTargetDependency */,
			);
			name = AudibleUITests;
			productName = AudibleUITests;
			productReference = C513ED321F908675009ECE2C /* AudibleUITests.xctest */;
			productType = "com.apple.product-type.bundle.ui-testing";
		};
/* End PBXNativeTarget section */

/* Begin PBXProject section */
		C513ED0B1F908675009ECE2C /* Project object */ = {
			isa = PBXProject;
			attributes = {
				LastSwiftUpdateCheck = 0900;
				LastUpgradeCheck = 0900;
				ORGANIZATIONNAME = "ashim Dahal";
				TargetAttributes = {
					C513ED121F908675009ECE2C = {
						CreatedOnToolsVersion = 9.0;
						ProvisioningStyle = Automatic;
					};
					C513ED261F908675009ECE2C = {
						CreatedOnToolsVersion = 9.0;
						ProvisioningStyle = Automatic;
						TestTargetID = C513ED121F908675009ECE2C;
					};
					C513ED311F908675009ECE2C = {
						CreatedOnToolsVersion = 9.0;
						ProvisioningStyle = Automatic;
						TestTargetID = C513ED121F908675009ECE2C;
					};
				};
			};
			buildConfigurationList = C513ED0E1F908675009ECE2C /* Build configuration list for PBXProject "Audible" */;
			compatibilityVersion = "Xcode 8.0";
			developmentRegion = en;
			hasScannedForEncodings = 0;
			knownRegions = (
				en,
				Base,
			);
			mainGroup = C513ED0A1F908675009ECE2C;
			productRefGroup = C513ED141F908675009ECE2C /* Products */;
			projectDirPath = "";
			projectRoot = "";
			targets = (
				C513ED121F908675009ECE2C /* Audible */,
				C513ED261F908675009ECE2C /* AudibleTests */,
				C513ED311F908675009ECE2C /* AudibleUITests */,
			);
		};
/* End PBXProject section */

/* Begin PBXResourcesBuildPhase section */
		C513ED111F908675009ECE2C /* Resources */ = {
			isa = PBXResourcesBuildPhase;
			buildActionMask = 2147483647;
			files = (
				C513ED211F908675009ECE2C /* LaunchScreen.storyboard in Resources */,
				C513ED1E1F908675009ECE2C /* Assets.xcassets in Resources */,
				C513ED1C1F908675009ECE2C /* Main.storyboard in Resources */,
			);
			runOnlyForDeploymentPostprocessing = 0;
		};
		C513ED251F908675009ECE2C /* Resources */ = {
			isa = PBXResourcesBuildPhase;
			buildActionMask = 2147483647;
			files = (
			);
			runOnlyForDeploymentPostprocessing = 0;
		};
		C513ED301F908675009ECE2C /* Resources */ = {
			isa = PBXResourcesBuildPhase;
			buildActionMask = 2147483647;
			files = (
			);
			runOnlyForDeploymentPostprocessing = 0;
		};
/* End PBXResourcesBuildPhase section */

/* Begin PBXSourcesBuildPhase section */
		C513ED0F1F908675009ECE2C /* Sources */ = {
			isa = PBXSourcesBuildPhase;
			buildActionMask = 2147483647;
			files = (
				C513ED191F908675009ECE2C /* ViewController.swift in Sources */,
				C513ED171F908675009ECE2C /* AppDelegate.swift in Sources */,
			);
			runOnlyForDeploymentPostprocessing = 0;
		};
		C513ED231F908675009ECE2C /* Sources */ = {
			isa = PBXSourcesBuildPhase;
			buildActionMask = 2147483647;
			files = (
				C513ED2C1F908675009ECE2C /* AudibleTests.swift in Sources */,
			);
			runOnlyForDeploymentPostprocessing = 0;
		};
		C513ED2E1F908675009ECE2C /* Sources */ = {
			isa = PBXSourcesBuildPhase;
			buildActionMask = 2147483647;
			files = (
				C513ED371F908675009ECE2C /* AudibleUITests.swift in Sources */,
			);
			runOnlyForDeploymentPostprocessing = 0;
		};
/* End PBXSourcesBuildPhase section */

/* Begin PBXTargetDependency section */
		C513ED291F908675009ECE2C /* PBXTargetDependency */ = {
			isa = PBXTargetDependency;
			target = C513ED121F908675009ECE2C /* Audible */;
			targetProxy = C513ED281F908675009ECE2C /* PBXContainerItemProxy */;
		};
		C513ED341F908675009ECE2C /* PBXTargetDependency */ = {
			isa = PBXTargetDependency;
			target = C513ED121F908675009ECE2C /* Audible */;
			targetProxy = C513ED331F908675009ECE2C /* PBXContainerItemProxy */;
		};
/* End PBXTargetDependency section */

/* Begin PBXVariantGroup section */
		C513ED1A1F908675009ECE2C /* Main.storyboard */ = {
			isa = PBXVariantGroup;
			children = (
				C513ED1B1F908675009ECE2C /* Base */,
			);
			name = Main.storyboard;
			sourceTree = "<group>";
		};
		C513ED1F1F908675009ECE2C /* LaunchScreen.storyboard */ = {
			isa = PBXVariantGroup;
			children = (
				C513ED201F908675009ECE2C /* Base */,
			);
			name = LaunchScreen.storyboard;
			sourceTree = "<group>";
		};
/* End PBXVariantGroup section */

/* Begin XCBuildConfiguration section */
		C513ED391F908675009ECE2C /* Debug */ = {
			isa = XCBuildConfiguration;
			buildSettings = {
				ALWAYS_SEARCH_USER_PATHS = NO;
				CLANG_ANALYZER_NONNULL = YES;
				CLANG_ANALYZER_NUMBER_OBJECT_CONVERSION = YES_AGGRESSIVE;
				CLANG_CXX_LANGUAGE_STANDARD = "gnu++14";
				CLANG_CXX_LIBRARY = "libc++";
				CLANG_ENABLE_MODULES = YES;
				CLANG_ENABLE_OBJC_ARC = YES;
				CLANG_WARN_BLOCK_CAPTURE_AUTORELEASING = YES;
				CLANG_WARN_BOOL_CONVERSION = YES;
				CLANG_WARN_COMMA = YES;
				CLANG_WARN_CONSTANT_CONVERSION = YES;
				CLANG_WARN_DIRECT_OBJC_ISA_USAGE = YES_ERROR;
				CLANG_WARN_DOCUMENTATION_COMMENTS = YES;
				CLANG_WARN_EMPTY_BODY = YES;
				CLANG_WARN_ENUM_CONVERSION = YES;
				CLANG_WARN_INFINITE_RECURSION = YES;
				CLANG_WARN_INT_CONVERSION = YES;
				CLANG_WARN_NON_LITERAL_NULL_CONVERSION = YES;
				CLANG_WARN_OBJC_LITERAL_CONVERSION = YES;
				CLANG_WARN_OBJC_ROOT_CLASS = YES_ERROR;
				CLANG_WARN_RANGE_LOOP_ANALYSIS = YES;
				CLANG_WARN_STRICT_PROTOTYPES = YES;
				CLANG_WARN_SUSPICIOUS_MOVE = YES;
				CLANG_WARN_UNGUARDED_AVAILABILITY = YES_AGGRESSIVE;
				CLANG_WARN_UNREACHABLE_CODE = YES;
				CLANG_WARN__DUPLICATE_METHOD_MATCH = YES;
				CODE_SIGN_IDENTITY = "iPhone Developer";
				COPY_PHASE_STRIP = NO;
				DEBUG_INFORMATION_FORMAT = dwarf;
				ENABLE_STRICT_OBJC_MSGSEND = YES;
				ENABLE_TESTABILITY = YES;
				GCC_C_LANGUAGE_STANDARD = gnu11;
				GCC_DYNAMIC_NO_PIC = NO;
				GCC_NO_COMMON_BLOCKS = YES;
				GCC_OPTIMIZATION_LEVEL = 0;
				GCC_PREPROCESSOR_DEFINITIONS = (
					"DEBUG=1",
					"$(inherited)",
				);
				GCC_WARN_64_TO_32_BIT_CONVERSION = YES;
				GCC_WARN_ABOUT_RETURN_TYPE = YES_ERROR;
				GCC_WARN_UNDECLARED_SELECTOR = YES;
				GCC_WARN_UNINITIALIZED_AUTOS = YES_AGGRESSIVE;
				GCC_WARN_UNUSED_FUNCTION = YES;
				GCC_WARN_UNUSED_VARIABLE = YES;
				IPHONEOS_DEPLOYMENT_TARGET = 11.0;
				MTL_ENABLE_DEBUG_INFO = YES;
				ONLY_ACTIVE_ARCH = YES;
				SDKROOT = iphoneos;
				SWIFT_ACTIVE_COMPILATION_CONDITIONS = DEBUG;
				SWIFT_OPTIMIZATION_LEVEL = "-Onone";
			};
			name = Debug;
		};
		C513ED3A1F908675009ECE2C /* Release */ = {
			isa = XCBuildConfiguration;
			buildSettings = {
				ALWAYS_SEARCH_USER_PATHS = NO;
				CLANG_ANALYZER_NONNULL = YES;
				CLANG_ANALYZER_NUMBER_OBJECT_CONVERSION = YES_AGGRESSIVE;
				CLANG_CXX_LANGUAGE_STANDARD = "gnu++14";
				CLANG_CXX_LIBRARY = "libc++";
				CLANG_ENABLE_MODULES = YES;
				CLANG_ENABLE_OBJC_ARC = YES;
				CLANG_WARN_BLOCK_CAPTURE_AUTORELEASING = YES;
				CLANG_WARN_BOOL_CONVERSION = YES;
				CLANG_WARN_COMMA = YES;
				CLANG_WARN_CONSTANT_CONVERSION = YES;
				CLANG_WARN_DIRECT_OBJC_ISA_USAGE = YES_ERROR;
				CLANG_WARN_DOCUMENTATION_COMMENTS = YES;
				CLANG_WARN_EMPTY_BODY = YES;
				CLANG_WARN_ENUM_CONVERSION = YES;
				CLANG_WARN_INFINITE_RECURSION = YES;
				CLANG_WARN_INT_CONVERSION = YES;
				CLANG_WARN_NON_LITERAL_NULL_CONVERSION = YES;
				CLANG_WARN_OBJC_LITERAL_CONVERSION = YES;
				CLANG_WARN_OBJC_ROOT_CLASS = YES_ERROR;
				CLANG_WARN_RANGE_LOOP_ANALYSIS = YES;
				CLANG_WARN_STRICT_PROTOTYPES = YES;
				CLANG_WARN_SUSPICIOUS_MOVE = YES;
				CLANG_WARN_UNGUARDED_AVAILABILITY = YES_AGGRESSIVE;
				CLANG_WARN_UNREACHABLE_CODE = YES;
				CLANG_WARN__DUPLICATE_METHOD_MATCH = YES;
				CODE_SIGN_IDENTITY = "iPhone Developer";
				COPY_PHASE_STRIP = NO;
				DEBUG_INFORMATION_FORMAT = "dwarf-with-dsym";
				ENABLE_NS_ASSERTIONS = NO;
				ENABLE_STRICT_OBJC_MSGSEND = YES;
				GCC_C_LANGUAGE_STANDARD = gnu11;
				GCC_NO_COMMON_BLOCKS = YES;
				GCC_WARN_64_TO_32_BIT_CONVERSION = YES;
				GCC_WARN_ABOUT_RETURN_TYPE = YES_ERROR;
				GCC_WARN_UNDECLARED_SELECTOR = YES;
				GCC_WARN_UNINITIALIZED_AUTOS = YES_AGGRESSIVE;
				GCC_WARN_UNUSED_FUNCTION = YES;
				GCC_WARN_UNUSED_VARIABLE = YES;
				IPHONEOS_DEPLOYMENT_TARGET = 11.0;
				MTL_ENABLE_DEBUG_INFO = NO;
				SDKROOT = iphoneos;
				SWIFT_OPTIMIZATION_LEVEL = "-Owholemodule";
				VALIDATE_PRODUCT = YES;
			};
			name = Release;
		};
		C513ED3C1F908675009ECE2C /* Debug */ = {
			isa = XCBuildConfiguration;
			buildSettings = {
				ASSETCATALOG_COMPILER_APPICON_NAME = AppIcon;
				CODE_SIGN_STYLE = Automatic;
				INFOPLIST_FILE = Audible/Info.plist;
				LD_RUNPATH_SEARCH_PATHS = "$(inherited) @executable_path/Frameworks";
				PRODUCT_BUNDLE_IDENTIFIER = ashim.Audible;
				PRODUCT_NAME = "$(TARGET_NAME)";
				SWIFT_VERSION = 4.0;
				TARGETED_DEVICE_FAMILY = "1,2";
			};
			name = Debug;
		};
		C513ED3D1F908675009ECE2C /* Release */ = {
			isa = XCBuildConfiguration;
			buildSettings = {
				ASSETCATALOG_COMPILER_APPICON_NAME = AppIcon;
				CODE_SIGN_STYLE = Automatic;
				INFOPLIST_FILE = Audible/Info.plist;
				LD_RUNPATH_SEARCH_PATHS = "$(inherited) @executable_path/Frameworks";
				PRODUCT_BUNDLE_IDENTIFIER = ashim.Audible;
				PRODUCT_NAME = "$(TARGET_NAME)";
				SWIFT_VERSION = 4.0;
				TARGETED_DEVICE_FAMILY = "1,2";
			};
			name = Release;
		};
		C513ED3F1F908675009ECE2C /* Debug */ = {
			isa = XCBuildConfiguration;
			buildSettings = {
				ALWAYS_EMBED_SWIFT_STANDARD_LIBRARIES = YES;
				BUNDLE_LOADER = "$(TEST_HOST)";
				CODE_SIGN_STYLE = Automatic;
				INFOPLIST_FILE = AudibleTests/Info.plist;
				LD_RUNPATH_SEARCH_PATHS = "$(inherited) @executable_path/Frameworks @loader_path/Frameworks";
				PRODUCT_BUNDLE_IDENTIFIER = ashim.AudibleTests;
				PRODUCT_NAME = "$(TARGET_NAME)";
				SWIFT_VERSION = 4.0;
				TARGETED_DEVICE_FAMILY = "1,2";
				TEST_HOST = "$(BUILT_PRODUCTS_DIR)/Audible.app/Audible";
			};
			name = Debug;
		};
		C513ED401F908675009ECE2C /* Release */ = {
			isa = XCBuildConfiguration;
			buildSettings = {
				ALWAYS_EMBED_SWIFT_STANDARD_LIBRARIES = YES;
				BUNDLE_LOADER = "$(TEST_HOST)";
				CODE_SIGN_STYLE = Automatic;
				INFOPLIST_FILE = AudibleTests/Info.plist;
				LD_RUNPATH_SEARCH_PATHS = "$(inherited) @executable_path/Frameworks @loader_path/Frameworks";
				PRODUCT_BUNDLE_IDENTIFIER = ashim.AudibleTests;
				PRODUCT_NAME = "$(TARGET_NAME)";
				SWIFT_VERSION = 4.0;
				TARGETED_DEVICE_FAMILY = "1,2";
				TEST_HOST = "$(BUILT_PRODUCTS_DIR)/Audible.app/Audible";
			};
			name = Release;
		};
		C513ED421F908675009ECE2C /* Debug */ = {
			isa = XCBuildConfiguration;
			buildSettings = {
				ALWAYS_EMBED_SWIFT_STANDARD_LIBRARIES = YES;
				CODE_SIGN_STYLE = Automatic;
				INFOPLIST_FILE = AudibleUITests/Info.plist;
				LD_RUNPATH_SEARCH_PATHS = "$(inherited) @executable_path/Frameworks @loader_path/Frameworks";
				PRODUCT_BUNDLE_IDENTIFIER = ashim.AudibleUITests;
				PRODUCT_NAME = "$(TARGET_NAME)";
				SWIFT_VERSION = 4.0;
				TARGETED_DEVICE_FAMILY = "1,2";
				TEST_TARGET_NAME = Audible;
			};
			name = Debug;
		};
		C513ED431F908675009ECE2C /* Release */ = {
			isa = XCBuildConfiguration;
			buildSettings = {
				ALWAYS_EMBED_SWIFT_STANDARD_LIBRARIES = YES;
				CODE_SIGN_STYLE = Automatic;
				INFOPLIST_FILE = AudibleUITests/Info.plist;
				LD_RUNPATH_SEARCH_PATHS = "$(inherited) @executable_path/Frameworks @loader_path/Frameworks";
				PRODUCT_BUNDLE_IDENTIFIER = ashim.AudibleUITests;
				PRODUCT_NAME = "$(TARGET_NAME)";
				SWIFT_VERSION = 4.0;
				TARGETED_DEVICE_FAMILY = "1,2";
				TEST_TARGET_NAME = Audible;
			};
			name = Release;
		};
/* End XCBuildConfiguration section */

/* Begin XCConfigurationList section */
		C513ED0E1F908675009ECE2C /* Build configuration list for PBXProject "Audible" */ = {
			isa = XCConfigurationList;
			buildConfigurations = (
				C513ED391F908675009ECE2C /* Debug */,
				C513ED3A1F908675009ECE2C /* Release */,
			);
			defaultConfigurationIsVisible = 0;
			defaultConfigurationName = Release;
		};
		C513ED3B1F908675009ECE2C /* Build configuration list for PBXNativeTarget "Audible" */ = {
			isa = XCConfigurationList;
			buildConfigurations = (
				C513ED3C1F908675009ECE2C /* Debug */,
				C513ED3D1F908675009ECE2C /* Release */,
			);
			defaultConfigurationIsVisible = 0;
			defaultConfigurationName = Release;
		};
		C513ED3E1F908675009ECE2C /* Build configuration list for PBXNativeTarget "AudibleTests" */ = {
			isa = XCConfigurationList;
			buildConfigurations = (
				C513ED3F1F908675009ECE2C /* Debug */,
				C513ED401F908675009ECE2C /* Release */,
			);
			defaultConfigurationIsVisible = 0;
			defaultConfigurationName = Release;
		};
		C513ED411F908675009ECE2C /* Build configuration list for PBXNativeTarget "AudibleUITests" */ = {
			isa = XCConfigurationList;
			buildConfigurations = (
				C513ED421F908675009ECE2C /* Debug */,
				C513ED431F908675009ECE2C /* Release */,
			);
			defaultConfigurationIsVisible = 0;
			defaultConfigurationName = Release;
		};
/* End XCConfigurationList section */
	};
	rootObject = C513ED0B1F908675009ECE2C /* Project object */;
}
